
Microsoft Visual Studio Solution File, Format Version 11.00
# Visual Studio 2010
Project("{8BC9CEB8-8B4A-11D0-8D11-00A0C91BC942}") = "faceDetect", "faceDetect\faceDetect.vcxproj", "{CB82BFF5-77BB-44EE-8721-C7DBB7C417E5}"
EndProject
Project("{8BC9CEB8-8B4A-11D0-8D11-00A0C91BC942}") = "faceDetectGPU", "faceDetectGPU\faceDetectGPU.vcxproj", "{8FAEA5BC-4272-42C4-97D6-A8A81F2DF64E}"
EndProject
Project("{8BC9CEB8-8B4A-11D0-8D11-00A0C91BC942}") = "faceDetectOCL", "faceDetectOCL\faceDetectOCL.vcxproj", "{416F648E-EEE8-460D-BAE4-43FA555EA139}"
EndProject
Global
	GlobalSection(SolutionConfigurationPlatforms) = preSolution
		Debug|Win32 = Debug|Win32
		Release|Win32 = Release|Win32
	EndGlobalSection
	GlobalSection(ProjectConfigurationPlatforms) = postSolution
		{CB82BFF5-77BB-44EE-8721-C7DBB7C417E5}.Debug|Win32.ActiveCfg = Debug|Win32
		{CB82BFF5-77BB-44EE-8721-C7DBB7C417E5}.Debug|Win32.Build.0 = Debug|Win32
		{CB82BFF5-77BB-44EE-8721-C7DBB7C417E5}.Release|Win32.ActiveCfg = Release|Win32
		{CB82BFF5-77BB-44EE-8721-C7DBB7C417E5}.Release|Win32.Build.0 = Release|Win32
		{8FAEA5BC-4272-42C4-97D6-A8A81F2DF64E}.Debug|Win32.ActiveCfg = Debug|Win32
		{8FAEA5BC-4272-42C4-97D6-A8A81F2DF64E}.Debug|Win32.Build.0 = Debug|Win32
		{8FAEA5BC-4272-42C4-97D6-A8A81F2DF64E}.Release|Win32.ActiveCfg = Release|Win32
		{8FAEA5BC-4272-42C4-97D6-A8A81F2DF64E}.Release|Win32.Build.0 = Release|Win32
		{416F648E-EEE8-460D-BAE4-43FA555EA139}.Debug|Win32.ActiveCfg = Debug|Win32
		{416F648E-EEE8-460D-BAE4-43FA555EA139}.Debug|Win32.Build.0 = Debug|Win32
		{416F648E-EEE8-460D-BAE4-43FA555EA139}.Release|Win32.ActiveCfg = Release|Win32
		{416F648E-EEE8-460D-BAE4-43FA555EA139}.Release|Win32.Build.0 = Release|Win32
	EndGlobalSection
	GlobalSection(SolutionProperties) = preSolution
		HideSolutionNode = FALSE
	EndGlobalSection
EndGlobal
