
Microsoft Visual Studio Solution File, Format Version 11.00
# Visual Studio 2010
Project("{8BC9CEB8-8B4A-11D0-8D11-00A0C91BC942}") = "faceDetect", "faceDetect\faceDetect.vcxproj", "{CB82BFF5-77BB-44EE-8721-C7DBB7C417E5}"
EndProject
Project("{8BC9CEB8-8B4A-11D0-8D11-00A0C91BC942}") = "faceDetectGPU", "faceDetectGPU\faceDetectGPU.vcxproj", "{8FAEA5BC-4272-42C4-97D6-A8A81F2DF64E}"
EndProject
Project("{8BC9CEB8-8B4A-11D0-8D11-00A0C91BC942}") = "resize", "resizeXPU\resize.vcxproj", "{A243A9F4-0924-431C-93F5-B8EF19E715D2}"
EndProject
Project("{8BC9CEB8-8B4A-11D0-8D11-00A0C91BC942}") = "houghLineGPU", "houghLineGPU\houghLineGPU.vcxproj", "{835ADC90-F38C-4471-B255-756E8517AA6D}"
EndProject
Project("{8BC9CEB8-8B4A-11D0-8D11-00A0C91BC942}") = "houghLine", "houghLine\houghLine.vcxproj", "{F60E5336-4D54-4B0A-A2C5-075D80FB5112}"
EndProject
Project("{8BC9CEB8-8B4A-11D0-8D11-00A0C91BC942}") = "faceDetectST", "faceDetectSenseTime\faceDetectST.vcxproj", "{184E5924-4C60-4BDF-95EB-F776ED87CC18}"
EndProject
Project("{8BC9CEB8-8B4A-11D0-8D11-00A0C91BC942}") = "sampleST", "sampleSenseTime\sampleST.vcxproj", "{BD5FD8E0-6B35-44CB-9FEB-D535CE258D3E}"
EndProject
Global
	GlobalSection(SolutionConfigurationPlatforms) = preSolution
		Debug|Win32 = Debug|Win32
		Release|Win32 = Release|Win32
	EndGlobalSection
	GlobalSection(ProjectConfigurationPlatforms) = postSolution
		{CB82BFF5-77BB-44EE-8721-C7DBB7C417E5}.Debug|Win32.ActiveCfg = Debug|Win32
		{CB82BFF5-77BB-44EE-8721-C7DBB7C417E5}.Debug|Win32.Build.0 = Debug|Win32
		{CB82BFF5-77BB-44EE-8721-C7DBB7C417E5}.Release|Win32.ActiveCfg = Release|Win32
		{CB82BFF5-77BB-44EE-8721-C7DBB7C417E5}.Release|Win32.Build.0 = Release|Win32
		{8FAEA5BC-4272-42C4-97D6-A8A81F2DF64E}.Debug|Win32.ActiveCfg = Debug|Win32
		{8FAEA5BC-4272-42C4-97D6-A8A81F2DF64E}.Debug|Win32.Build.0 = Debug|Win32
		{8FAEA5BC-4272-42C4-97D6-A8A81F2DF64E}.Release|Win32.ActiveCfg = Release|Win32
		{8FAEA5BC-4272-42C4-97D6-A8A81F2DF64E}.Release|Win32.Build.0 = Release|Win32
		{A243A9F4-0924-431C-93F5-B8EF19E715D2}.Debug|Win32.ActiveCfg = Debug|Win32
		{A243A9F4-0924-431C-93F5-B8EF19E715D2}.Debug|Win32.Build.0 = Debug|Win32
		{A243A9F4-0924-431C-93F5-B8EF19E715D2}.Release|Win32.ActiveCfg = Release|Win32
		{A243A9F4-0924-431C-93F5-B8EF19E715D2}.Release|Win32.Build.0 = Release|Win32
		{835ADC90-F38C-4471-B255-756E8517AA6D}.Debug|Win32.ActiveCfg = Debug|Win32
		{835ADC90-F38C-4471-B255-756E8517AA6D}.Debug|Win32.Build.0 = Debug|Win32
		{835ADC90-F38C-4471-B255-756E8517AA6D}.Release|Win32.ActiveCfg = Release|Win32
		{835ADC90-F38C-4471-B255-756E8517AA6D}.Release|Win32.Build.0 = Release|Win32
		{F60E5336-4D54-4B0A-A2C5-075D80FB5112}.Debug|Win32.ActiveCfg = Debug|Win32
		{F60E5336-4D54-4B0A-A2C5-075D80FB5112}.Debug|Win32.Build.0 = Debug|Win32
		{F60E5336-4D54-4B0A-A2C5-075D80FB5112}.Release|Win32.ActiveCfg = Release|Win32
		{F60E5336-4D54-4B0A-A2C5-075D80FB5112}.Release|Win32.Build.0 = Release|Win32
		{184E5924-4C60-4BDF-95EB-F776ED87CC18}.Debug|Win32.ActiveCfg = Debug|Win32
		{184E5924-4C60-4BDF-95EB-F776ED87CC18}.Debug|Win32.Build.0 = Debug|Win32
		{184E5924-4C60-4BDF-95EB-F776ED87CC18}.Release|Win32.ActiveCfg = Release|Win32
		{184E5924-4C60-4BDF-95EB-F776ED87CC18}.Release|Win32.Build.0 = Release|Win32
		{BD5FD8E0-6B35-44CB-9FEB-D535CE258D3E}.Debug|Win32.ActiveCfg = Debug|Win32
		{BD5FD8E0-6B35-44CB-9FEB-D535CE258D3E}.Debug|Win32.Build.0 = Debug|Win32
		{BD5FD8E0-6B35-44CB-9FEB-D535CE258D3E}.Release|Win32.ActiveCfg = Release|Win32
		{BD5FD8E0-6B35-44CB-9FEB-D535CE258D3E}.Release|Win32.Build.0 = Release|Win32
	EndGlobalSection
	GlobalSection(SolutionProperties) = preSolution
		HideSolutionNode = FALSE
	EndGlobalSection
EndGlobal
